
Microsoft Visual Studio Solution File, Format Version 12.00
# Visual Studio Version 16
VisualStudioVersion = 16.0.33328.57
MinimumVisualStudioVersion = 10.0.40219.1
Project("{8BC9CEB8-8B4A-11D0-8D11-00A0C91BC942}") = "5_4_27_new", "5_4_27_new\5_4_27_new.vcxproj", "{E4F11CF8-1849-487F-BD93-08D38359F249}"
EndProject
Global
	GlobalSection(SolutionConfigurationPlatforms) = preSolution
		Debug|x64 = Debug|x64
		Debug|x86 = Debug|x86
		Release|x64 = Release|x64
		Release|x86 = Release|x86
	EndGlobalSection
	GlobalSection(ProjectConfigurationPlatforms) = postSolution
		{E4F11CF8-1849-487F-BD93-08D38359F249}.Debug|x64.ActiveCfg = Debug|x64
		{E4F11CF8-1849-487F-BD93-08D38359F249}.Debug|x64.Build.0 = Debug|x64
		{E4F11CF8-1849-487F-BD93-08D38359F249}.Debug|x86.ActiveCfg = Debug|Win32
		{E4F11CF8-1849-487F-BD93-08D38359F249}.Debug|x86.Build.0 = Debug|Win32
		{E4F11CF8-1849-487F-BD93-08D38359F249}.Release|x64.ActiveCfg = Release|x64
		{E4F11CF8-1849-487F-BD93-08D38359F249}.Release|x64.Build.0 = Release|x64
		{E4F11CF8-1849-487F-BD93-08D38359F249}.Release|x86.ActiveCfg = Release|Win32
		{E4F11CF8-1849-487F-BD93-08D38359F249}.Release|x86.Build.0 = Release|Win32
	EndGlobalSection
	GlobalSection(SolutionProperties) = preSolution
		HideSolutionNode = FALSE
	EndGlobalSection
	GlobalSection(ExtensibilityGlobals) = postSolution
		SolutionGuid = {077AF821-92C1-48DC-B999-FA146C02B6CD}
	EndGlobalSection
EndGlobal
